
Microsoft Visual Studio Solution File, Format Version 12.00
# Visual Studio Version 17
VisualStudioVersion = 17.14.36310.24
MinimumVisualStudioVersion = 10.0.40219.1
Project("{FAE04EC0-301F-11D3-BF4B-00C04F79EFBC}") = "MultiImageDownloader", "MultiImageDownloader.csproj", "{9236DE7D-411C-4D5D-900D-1DAE1D3F204D}"
EndProject
Global
	GlobalSection(SolutionConfigurationPlatforms) = preSolution
		Debug|Any CPU = Debug|Any CPU
		Release|Any CPU = Release|Any CPU
	EndGlobalSection
	GlobalSection(ProjectConfigurationPlatforms) = postSolution
		{9236DE7D-411C-4D5D-900D-1DAE1D3F204D}.Debug|Any CPU.ActiveCfg = Debug|Any CPU
		{9236DE7D-411C-4D5D-900D-1DAE1D3F204D}.Debug|Any CPU.Build.0 = Debug|Any CPU
		{9236DE7D-411C-4D5D-900D-1DAE1D3F204D}.Release|Any CPU.ActiveCfg = Release|Any CPU
		{9236DE7D-411C-4D5D-900D-1DAE1D3F204D}.Release|Any CPU.Build.0 = Release|Any CPU
	EndGlobalSection
	GlobalSection(SolutionProperties) = preSolution
		HideSolutionNode = FALSE
	EndGlobalSection
	GlobalSection(ExtensibilityGlobals) = postSolution
		SolutionGuid = {12B774E1-6F7A-49F8-8859-2AFFEB578DF5}
	EndGlobalSection
EndGlobal
